
Microsoft Visual Studio Solution File, Format Version 12.00
# Visual Studio Version 16
VisualStudioVersion = 16.0.29519.87
MinimumVisualStudioVersion = 10.0.40219.1
Project("{FAE04EC0-301F-11D3-BF4B-00C04F79EFBC}") = "NET.W.2019.Shchahlou.8", "NET.W.2019.Shchahlou.8.csproj", "{DE4D76B6-6EE0-426D-9269-A8C8566FA981}"
EndProject
Project("{9A19103F-16F7-4668-BE54-9A1E7A4F7556}") = "Tests", "..\Tests\Tests.csproj", "{8AE7CADE-8CF3-48DF-9C4D-2048498F2BE2}"
EndProject
Global
	GlobalSection(SolutionConfigurationPlatforms) = preSolution
		Debug|Any CPU = Debug|Any CPU
		Release|Any CPU = Release|Any CPU
	EndGlobalSection
	GlobalSection(ProjectConfigurationPlatforms) = postSolution
		{DE4D76B6-6EE0-426D-9269-A8C8566FA981}.Debug|Any CPU.ActiveCfg = Debug|Any CPU
		{DE4D76B6-6EE0-426D-9269-A8C8566FA981}.Debug|Any CPU.Build.0 = Debug|Any CPU
		{DE4D76B6-6EE0-426D-9269-A8C8566FA981}.Release|Any CPU.ActiveCfg = Release|Any CPU
		{DE4D76B6-6EE0-426D-9269-A8C8566FA981}.Release|Any CPU.Build.0 = Release|Any CPU
		{8AE7CADE-8CF3-48DF-9C4D-2048498F2BE2}.Debug|Any CPU.ActiveCfg = Debug|Any CPU
		{8AE7CADE-8CF3-48DF-9C4D-2048498F2BE2}.Debug|Any CPU.Build.0 = Debug|Any CPU
		{8AE7CADE-8CF3-48DF-9C4D-2048498F2BE2}.Release|Any CPU.ActiveCfg = Release|Any CPU
		{8AE7CADE-8CF3-48DF-9C4D-2048498F2BE2}.Release|Any CPU.Build.0 = Release|Any CPU
	EndGlobalSection
	GlobalSection(SolutionProperties) = preSolution
		HideSolutionNode = FALSE
	EndGlobalSection
	GlobalSection(ExtensibilityGlobals) = postSolution
		SolutionGuid = {57200897-956C-412F-83B7-FB63A5E19FE0}
	EndGlobalSection
EndGlobal
